// !$*UTF8*$!
{
	archiveVersion = 1;
	classes = {
	};
	objectVersion = 77;
	objects = {

/* Begin PBXBuildFile section */
		8D7C70022E1EE27900F012FD /* SDWebImageWebPCoder in Frameworks */ = {isa = PBXBuildFile; productRef = 8D7C70012E1EE27900F012FD /* SDWebImageWebPCoder */; };
		8D7DEABB2E02385C00F7D7AF /* CoreBluetooth.framework in Frameworks */ = {isa = PBXBuildFile; fileRef = 8D7DEABA2E02385C00F7D7AF /* CoreBluetooth.framework */; };
		8D7DEAFC2E0601A900F7D7AF /* Auth in Frameworks */ = {isa = PBXBuildFile; productRef = 8D7DEAFB2E0601A900F7D7AF /* Auth */; };
		8D7DEAFE2E0601A900F7D7AF /* PostgREST in Frameworks */ = {isa = PBXBuildFile; productRef = 8D7DEAFD2E0601A900F7D7AF /* PostgREST */; };
		8D7DEB002E0601A900F7D7AF /* Storage in Frameworks */ = {isa = PBXBuildFile; productRef = 8D7DEAFF2E0601A900F7D7AF /* Storage */; };
		8D7DEB022E0601A900F7D7AF /* Supabase in Frameworks */ = {isa = PBXBuildFile; productRef = 8D7DEB012E0601A900F7D7AF /* Supabase */; };
		8DF1B4872E43DF1E00C23B02 /* MockImageRepo.swift in Sources */ = {isa = PBXBuildFile; fileRef = 8DF1B47F2E43DF1E00C23B02 /* MockImageRepo.swift */; };
		8DF1B4882E43DF1E00C23B02 /* RegisterVMTests.swift in Sources */ = {isa = PBXBuildFile; fileRef = 8DF1B4772E43DF1E00C23B02 /* RegisterVMTests.swift */; };
		8DF1B4892E43DF1E00C23B02 /* MockAuthManager.swift in Sources */ = {isa = PBXBuildFile; fileRef = 8DF1B47C2E43DF1E00C23B02 /* MockAuthManager.swift */; };
		8DF1B48A2E43DF1E00C23B02 /* MockConnectionsRepo.swift in Sources */ = {isa = PBXBuildFile; fileRef = 8DF1B47E2E43DF1E00C23B02 /* MockConnectionsRepo.swift */; };
		8DF1B48B2E43DF1E00C23B02 /* ConnectVMTests.swift in Sources */ = {isa = PBXBuildFile; fileRef = 8DF1B47A2E43DF1E00C23B02 /* ConnectVMTests.swift */; };
		8DF1B48C2E43DF1E00C23B02 /* ConnectionsVMTests.swift in Sources */ = {isa = PBXBuildFile; fileRef = 8DF1B4792E43DF1E00C23B02 /* ConnectionsVMTests.swift */; };
		8DF1B48D2E43DF1E00C23B02 /* MockBleManager.swift in Sources */ = {isa = PBXBuildFile; fileRef = 8DF1B47D2E43DF1E00C23B02 /* MockBleManager.swift */; };
		8DF1B48E2E43DF1E00C23B02 /* EditProfileVMTests.swift in Sources */ = {isa = PBXBuildFile; fileRef = 8DF1B4832E43DF1E00C23B02 /* EditProfileVMTests.swift */; };
		8DF1B48F2E43DF1E00C23B02 /* MockUserRepo.swift in Sources */ = {isa = PBXBuildFile; fileRef = 8DF1B4812E43DF1E00C23B02 /* MockUserRepo.swift */; };
		8DF1B4902E43DF1E00C23B02 /* LoginVMTests.swift in Sources */ = {isa = PBXBuildFile; fileRef = 8DF1B4762E43DF1E00C23B02 /* LoginVMTests.swift */; };
		8DF1B4912E43DF1E00C23B02 /* ProfileVMTests.swift in Sources */ = {isa = PBXBuildFile; fileRef = 8DF1B4842E43DF1E00C23B02 /* ProfileVMTests.swift */; };
		8DF1B4922E43DF1E00C23B02 /* MockSocialsRepo.swift in Sources */ = {isa = PBXBuildFile; fileRef = 8DF1B4802E43DF1E00C23B02 /* MockSocialsRepo.swift */; };
		8DF1B68E2E46D34B00C23B02 /* SupabaseTests.swift in Sources */ = {isa = PBXBuildFile; fileRef = 8DF1B68D2E46D34700C23B02 /* SupabaseTests.swift */; };
/* End PBXBuildFile section */

/* Begin PBXContainerItemProxy section */
		8D9AA9D32E0209E5000945AC /* PBXContainerItemProxy */ = {
			isa = PBXContainerItemProxy;
			containerPortal = 8D9AA9BD2E0209E4000945AC /* Project object */;
			proxyType = 1;
			remoteGlobalIDString = 8D9AA9C42E0209E4000945AC;
			remoteInfo = Connect;
		};
		8D9AA9DD2E0209E5000945AC /* PBXContainerItemProxy */ = {
			isa = PBXContainerItemProxy;
			containerPortal = 8D9AA9BD2E0209E4000945AC /* Project object */;
			proxyType = 1;
			remoteGlobalIDString = 8D9AA9C42E0209E4000945AC;
			remoteInfo = Connect;
		};
/* End PBXContainerItemProxy section */

/* Begin PBXFileReference section */
		8D7DEABA2E02385C00F7D7AF /* CoreBluetooth.framework */ = {isa = PBXFileReference; lastKnownFileType = wrapper.framework; name = CoreBluetooth.framework; path = System/Library/Frameworks/CoreBluetooth.framework; sourceTree = SDKROOT; };
		8D9AA9C52E0209E4000945AC /* Quartier.app */ = {isa = PBXFileReference; explicitFileType = wrapper.application; includeInIndex = 0; path = Quartier.app; sourceTree = BUILT_PRODUCTS_DIR; };
		8D9AA9D22E0209E5000945AC /* QuartierTests.xctest */ = {isa = PBXFileReference; explicitFileType = wrapper.cfbundle; includeInIndex = 0; path = QuartierTests.xctest; sourceTree = BUILT_PRODUCTS_DIR; };
		8D9AA9DC2E0209E5000945AC /* QuartierUITests.xctest */ = {isa = PBXFileReference; explicitFileType = wrapper.cfbundle; includeInIndex = 0; path = QuartierUITests.xctest; sourceTree = BUILT_PRODUCTS_DIR; };
		8DF1B4762E43DF1E00C23B02 /* LoginVMTests.swift */ = {isa = PBXFileReference; lastKnownFileType = sourcecode.swift; path = LoginVMTests.swift; sourceTree = "<group>"; };
		8DF1B4772E43DF1E00C23B02 /* RegisterVMTests.swift */ = {isa = PBXFileReference; lastKnownFileType = sourcecode.swift; path = RegisterVMTests.swift; sourceTree = "<group>"; };
		8DF1B4792E43DF1E00C23B02 /* ConnectionsVMTests.swift */ = {isa = PBXFileReference; lastKnownFileType = sourcecode.swift; path = ConnectionsVMTests.swift; sourceTree = "<group>"; };
		8DF1B47A2E43DF1E00C23B02 /* ConnectVMTests.swift */ = {isa = PBXFileReference; lastKnownFileType = sourcecode.swift; path = ConnectVMTests.swift; sourceTree = "<group>"; };
		8DF1B47C2E43DF1E00C23B02 /* MockAuthManager.swift */ = {isa = PBXFileReference; lastKnownFileType = sourcecode.swift; path = MockAuthManager.swift; sourceTree = "<group>"; };
		8DF1B47D2E43DF1E00C23B02 /* MockBleManager.swift */ = {isa = PBXFileReference; lastKnownFileType = sourcecode.swift; path = MockBleManager.swift; sourceTree = "<group>"; };
		8DF1B47E2E43DF1E00C23B02 /* MockConnectionsRepo.swift */ = {isa = PBXFileReference; lastKnownFileType = sourcecode.swift; path = MockConnectionsRepo.swift; sourceTree = "<group>"; };
		8DF1B47F2E43DF1E00C23B02 /* MockImageRepo.swift */ = {isa = PBXFileReference; lastKnownFileType = sourcecode.swift; path = MockImageRepo.swift; sourceTree = "<group>"; };
		8DF1B4802E43DF1E00C23B02 /* MockSocialsRepo.swift */ = {isa = PBXFileReference; lastKnownFileType = sourcecode.swift; path = MockSocialsRepo.swift; sourceTree = "<group>"; };
		8DF1B4812E43DF1E00C23B02 /* MockUserRepo.swift */ = {isa = PBXFileReference; lastKnownFileType = sourcecode.swift; path = MockUserRepo.swift; sourceTree = "<group>"; };
		8DF1B4832E43DF1E00C23B02 /* EditProfileVMTests.swift */ = {isa = PBXFileReference; lastKnownFileType = sourcecode.swift; path = EditProfileVMTests.swift; sourceTree = "<group>"; };
		8DF1B4842E43DF1E00C23B02 /* ProfileVMTests.swift */ = {isa = PBXFileReference; lastKnownFileType = sourcecode.swift; path = ProfileVMTests.swift; sourceTree = "<group>"; };
		8DF1B68D2E46D34700C23B02 /* SupabaseTests.swift */ = {isa = PBXFileReference; lastKnownFileType = sourcecode.swift; path = SupabaseTests.swift; sourceTree = "<group>"; };
/* End PBXFileReference section */

/* Begin PBXFileSystemSynchronizedBuildFileExceptionSet section */
		8D7C72222E24971E00F012FD /* Exceptions for "Quartier" folder in "Quartier" target */ = {
			isa = PBXFileSystemSynchronizedBuildFileExceptionSet;
			membershipExceptions = (
				Info.plist,
			);
			target = 8D9AA9C42E0209E4000945AC /* Quartier */;
		};
/* End PBXFileSystemSynchronizedBuildFileExceptionSet section */

/* Begin PBXFileSystemSynchronizedRootGroup section */
		8D9AA9C72E0209E4000945AC /* Quartier */ = {
			isa = PBXFileSystemSynchronizedRootGroup;
			exceptions = (
				8D7C72222E24971E00F012FD /* Exceptions for "Quartier" folder in "Quartier" target */,
			);
			path = Quartier;
			sourceTree = "<group>";
		};
/* End PBXFileSystemSynchronizedRootGroup section */

/* Begin PBXFrameworksBuildPhase section */
		8D9AA9C22E0209E4000945AC /* Frameworks */ = {
			isa = PBXFrameworksBuildPhase;
			buildActionMask = 2147483647;
			files = (
				8D7DEB022E0601A900F7D7AF /* Supabase in Frameworks */,
				8D7DEB002E0601A900F7D7AF /* Storage in Frameworks */,
				8D7C70022E1EE27900F012FD /* SDWebImageWebPCoder in Frameworks */,
				8D7DEAFE2E0601A900F7D7AF /* PostgREST in Frameworks */,
				8D7DEAFC2E0601A900F7D7AF /* Auth in Frameworks */,
				8D7DEABB2E02385C00F7D7AF /* CoreBluetooth.framework in Frameworks */,
			);
			runOnlyForDeploymentPostprocessing = 0;
		};
		8D9AA9CF2E0209E5000945AC /* Frameworks */ = {
			isa = PBXFrameworksBuildPhase;
			buildActionMask = 2147483647;
			files = (
			);
			runOnlyForDeploymentPostprocessing = 0;
		};
		8D9AA9D92E0209E5000945AC /* Frameworks */ = {
			isa = PBXFrameworksBuildPhase;
			buildActionMask = 2147483647;
			files = (
			);
			runOnlyForDeploymentPostprocessing = 0;
		};
/* End PBXFrameworksBuildPhase section */

/* Begin PBXGroup section */
		8D7DEAB92E02385C00F7D7AF /* Frameworks */ = {
			isa = PBXGroup;
			children = (
				8D7DEABA2E02385C00F7D7AF /* CoreBluetooth.framework */,
			);
			name = Frameworks;
			sourceTree = "<group>";
		};
		8D9AA9BC2E0209E4000945AC = {
			isa = PBXGroup;
			children = (
				8D9AA9C72E0209E4000945AC /* Quartier */,
				8DF1B4862E43DF1E00C23B02 /* QuartierTests */,
				8D7DEAB92E02385C00F7D7AF /* Frameworks */,
				8D9AA9C62E0209E4000945AC /* Products */,
			);
			sourceTree = "<group>";
		};
		8D9AA9C62E0209E4000945AC /* Products */ = {
			isa = PBXGroup;
			children = (
				8D9AA9C52E0209E4000945AC /* Quartier.app */,
				8D9AA9D22E0209E5000945AC /* QuartierTests.xctest */,
				8D9AA9DC2E0209E5000945AC /* QuartierUITests.xctest */,
			);
			name = Products;
			sourceTree = "<group>";
		};
		8DF1B4782E43DF1E00C23B02 /* Auth */ = {
			isa = PBXGroup;
			children = (
				8DF1B4762E43DF1E00C23B02 /* LoginVMTests.swift */,
				8DF1B4772E43DF1E00C23B02 /* RegisterVMTests.swift */,
			);
			path = Auth;
			sourceTree = "<group>";
		};
		8DF1B47B2E43DF1E00C23B02 /* Connections */ = {
			isa = PBXGroup;
			children = (
				8DF1B4792E43DF1E00C23B02 /* ConnectionsVMTests.swift */,
				8DF1B47A2E43DF1E00C23B02 /* ConnectVMTests.swift */,
			);
			path = Connections;
			sourceTree = "<group>";
		};
		8DF1B4822E43DF1E00C23B02 /* MockModels */ = {
			isa = PBXGroup;
			children = (
				8DF1B47C2E43DF1E00C23B02 /* MockAuthManager.swift */,
				8DF1B47D2E43DF1E00C23B02 /* MockBleManager.swift */,
				8DF1B47E2E43DF1E00C23B02 /* MockConnectionsRepo.swift */,
				8DF1B47F2E43DF1E00C23B02 /* MockImageRepo.swift */,
				8DF1B4802E43DF1E00C23B02 /* MockSocialsRepo.swift */,
				8DF1B4812E43DF1E00C23B02 /* MockUserRepo.swift */,
			);
			path = MockModels;
			sourceTree = "<group>";
		};
		8DF1B4852E43DF1E00C23B02 /* Profile */ = {
			isa = PBXGroup;
			children = (
				8DF1B4832E43DF1E00C23B02 /* EditProfileVMTests.swift */,
				8DF1B4842E43DF1E00C23B02 /* ProfileVMTests.swift */,
			);
			path = Profile;
			sourceTree = "<group>";
		};
		8DF1B4862E43DF1E00C23B02 /* QuartierTests */ = {
			isa = PBXGroup;
			children = (
				8DF1B68D2E46D34700C23B02 /* SupabaseTests.swift */,
				8DF1B4782E43DF1E00C23B02 /* Auth */,
				8DF1B47B2E43DF1E00C23B02 /* Connections */,
				8DF1B4822E43DF1E00C23B02 /* MockModels */,
				8DF1B4852E43DF1E00C23B02 /* Profile */,
			);
			path = QuartierTests;
			sourceTree = "<group>";
		};
/* End PBXGroup section */

/* Begin PBXNativeTarget section */
		8D9AA9C42E0209E4000945AC /* Quartier */ = {
			isa = PBXNativeTarget;
			buildConfigurationList = 8D9AA9E62E0209E5000945AC /* Build configuration list for PBXNativeTarget "Quartier" */;
			buildPhases = (
				8D9AA9C12E0209E4000945AC /* Sources */,
				8D9AA9C22E0209E4000945AC /* Frameworks */,
				8D9AA9C32E0209E4000945AC /* Resources */,
			);
			buildRules = (
			);
			dependencies = (
			);
			fileSystemSynchronizedGroups = (
				8D9AA9C72E0209E4000945AC /* Quartier */,
			);
			name = Quartier;
			packageProductDependencies = (
				8D7DEAFB2E0601A900F7D7AF /* Auth */,
				8D7DEAFD2E0601A900F7D7AF /* PostgREST */,
				8D7DEAFF2E0601A900F7D7AF /* Storage */,
				8D7DEB012E0601A900F7D7AF /* Supabase */,
				8D7C70012E1EE27900F012FD /* SDWebImageWebPCoder */,
			);
			productName = Connect;
			productReference = 8D9AA9C52E0209E4000945AC /* Quartier.app */;
			productType = "com.apple.product-type.application";
		};
		8D9AA9D12E0209E5000945AC /* QuartierTests */ = {
			isa = PBXNativeTarget;
			buildConfigurationList = 8D9AA9E92E0209E5000945AC /* Build configuration list for PBXNativeTarget "QuartierTests" */;
			buildPhases = (
				8D9AA9CE2E0209E5000945AC /* Sources */,
				8D9AA9CF2E0209E5000945AC /* Frameworks */,
				8D9AA9D02E0209E5000945AC /* Resources */,
			);
			buildRules = (
			);
			dependencies = (
				8D9AA9D42E0209E5000945AC /* PBXTargetDependency */,
			);
			name = QuartierTests;
			packageProductDependencies = (
			);
			productName = ConnectTests;
			productReference = 8D9AA9D22E0209E5000945AC /* QuartierTests.xctest */;
			productType = "com.apple.product-type.bundle.unit-test";
		};
		8D9AA9DB2E0209E5000945AC /* QuartierUITests */ = {
			isa = PBXNativeTarget;
			buildConfigurationList = 8D9AA9EC2E0209E5000945AC /* Build configuration list for PBXNativeTarget "QuartierUITests" */;
			buildPhases = (
				8D9AA9D82E0209E5000945AC /* Sources */,
				8D9AA9D92E0209E5000945AC /* Frameworks */,
				8D9AA9DA2E0209E5000945AC /* Resources */,
			);
			buildRules = (
			);
			dependencies = (
				8D9AA9DE2E0209E5000945AC /* PBXTargetDependency */,
			);
			name = QuartierUITests;
			packageProductDependencies = (
			);
			productName = ConnectUITests;
			productReference = 8D9AA9DC2E0209E5000945AC /* QuartierUITests.xctest */;
			productType = "com.apple.product-type.bundle.ui-testing";
		};
/* End PBXNativeTarget section */

/* Begin PBXProject section */
		8D9AA9BD2E0209E4000945AC /* Project object */ = {
			isa = PBXProject;
			attributes = {
				BuildIndependentTargetsInParallel = 1;
				LastSwiftUpdateCheck = 1640;
				LastUpgradeCheck = 1640;
				TargetAttributes = {
					8D9AA9C42E0209E4000945AC = {
						CreatedOnToolsVersion = 16.4;
					};
					8D9AA9D12E0209E5000945AC = {
						CreatedOnToolsVersion = 16.4;
						LastSwiftMigration = 1640;
						TestTargetID = 8D9AA9C42E0209E4000945AC;
					};
					8D9AA9DB2E0209E5000945AC = {
						CreatedOnToolsVersion = 16.4;
						TestTargetID = 8D9AA9C42E0209E4000945AC;
					};
				};
			};
			buildConfigurationList = 8D9AA9C02E0209E4000945AC /* Build configuration list for PBXProject "Quartier" */;
			developmentRegion = en;
			hasScannedForEncodings = 0;
			knownRegions = (
				en,
				Base,
			);
			mainGroup = 8D9AA9BC2E0209E4000945AC;
			minimizedProjectReferenceProxies = 1;
			packageReferences = (
				8D7DEAFA2E06019600F7D7AF /* XCRemoteSwiftPackageReference "supabase-swift" */,
				8D390A092E1EDEBA00D9C688 /* XCRemoteSwiftPackageReference "SDWebImageWebPCoder" */,
			);
			preferredProjectObjectVersion = 77;
			productRefGroup = 8D9AA9C62E0209E4000945AC /* Products */;
			projectDirPath = "";
			projectRoot = "";
			targets = (
				8D9AA9C42E0209E4000945AC /* Quartier */,
				8D9AA9D12E0209E5000945AC /* QuartierTests */,
				8D9AA9DB2E0209E5000945AC /* QuartierUITests */,
			);
		};
/* End PBXProject section */

/* Begin PBXResourcesBuildPhase section */
		8D9AA9C32E0209E4000945AC /* Resources */ = {
			isa = PBXResourcesBuildPhase;
			buildActionMask = 2147483647;
			files = (
			);
			runOnlyForDeploymentPostprocessing = 0;
		};
		8D9AA9D02E0209E5000945AC /* Resources */ = {
			isa = PBXResourcesBuildPhase;
			buildActionMask = 2147483647;
			files = (
			);
			runOnlyForDeploymentPostprocessing = 0;
		};
		8D9AA9DA2E0209E5000945AC /* Resources */ = {
			isa = PBXResourcesBuildPhase;
			buildActionMask = 2147483647;
			files = (
			);
			runOnlyForDeploymentPostprocessing = 0;
		};
/* End PBXResourcesBuildPhase section */

/* Begin PBXSourcesBuildPhase section */
		8D9AA9C12E0209E4000945AC /* Sources */ = {
			isa = PBXSourcesBuildPhase;
			buildActionMask = 2147483647;
			files = (
			);
			runOnlyForDeploymentPostprocessing = 0;
		};
		8D9AA9CE2E0209E5000945AC /* Sources */ = {
			isa = PBXSourcesBuildPhase;
			buildActionMask = 2147483647;
			files = (
				8DF1B4872E43DF1E00C23B02 /* MockImageRepo.swift in Sources */,
				8DF1B4882E43DF1E00C23B02 /* RegisterVMTests.swift in Sources */,
				8DF1B4892E43DF1E00C23B02 /* MockAuthManager.swift in Sources */,
				8DF1B48A2E43DF1E00C23B02 /* MockConnectionsRepo.swift in Sources */,
				8DF1B48B2E43DF1E00C23B02 /* ConnectVMTests.swift in Sources */,
				8DF1B68E2E46D34B00C23B02 /* SupabaseTests.swift in Sources */,
				8DF1B48C2E43DF1E00C23B02 /* ConnectionsVMTests.swift in Sources */,
				8DF1B48D2E43DF1E00C23B02 /* MockBleManager.swift in Sources */,
				8DF1B48E2E43DF1E00C23B02 /* EditProfileVMTests.swift in Sources */,
				8DF1B48F2E43DF1E00C23B02 /* MockUserRepo.swift in Sources */,
				8DF1B4902E43DF1E00C23B02 /* LoginVMTests.swift in Sources */,
				8DF1B4912E43DF1E00C23B02 /* ProfileVMTests.swift in Sources */,
				8DF1B4922E43DF1E00C23B02 /* MockSocialsRepo.swift in Sources */,
			);
			runOnlyForDeploymentPostprocessing = 0;
		};
		8D9AA9D82E0209E5000945AC /* Sources */ = {
			isa = PBXSourcesBuildPhase;
			buildActionMask = 2147483647;
			files = (
			);
			runOnlyForDeploymentPostprocessing = 0;
		};
/* End PBXSourcesBuildPhase section */

/* Begin PBXTargetDependency section */
		8D9AA9D42E0209E5000945AC /* PBXTargetDependency */ = {
			isa = PBXTargetDependency;
			target = 8D9AA9C42E0209E4000945AC /* Quartier */;
			targetProxy = 8D9AA9D32E0209E5000945AC /* PBXContainerItemProxy */;
		};
		8D9AA9DE2E0209E5000945AC /* PBXTargetDependency */ = {
			isa = PBXTargetDependency;
			target = 8D9AA9C42E0209E4000945AC /* Quartier */;
			targetProxy = 8D9AA9DD2E0209E5000945AC /* PBXContainerItemProxy */;
		};
/* End PBXTargetDependency section */

/* Begin XCBuildConfiguration section */
		8D9AA9E42E0209E5000945AC /* Debug */ = {
			isa = XCBuildConfiguration;
			buildSettings = {
				ALWAYS_SEARCH_USER_PATHS = NO;
				ASSETCATALOG_COMPILER_GENERATE_SWIFT_ASSET_SYMBOL_EXTENSIONS = YES;
				CLANG_ANALYZER_NONNULL = YES;
				CLANG_ANALYZER_NUMBER_OBJECT_CONVERSION = YES_AGGRESSIVE;
				CLANG_CXX_LANGUAGE_STANDARD = "gnu++20";
				CLANG_ENABLE_MODULES = YES;
				CLANG_ENABLE_OBJC_ARC = YES;
				CLANG_ENABLE_OBJC_WEAK = YES;
				CLANG_WARN_BLOCK_CAPTURE_AUTORELEASING = YES;
				CLANG_WARN_BOOL_CONVERSION = YES;
				CLANG_WARN_COMMA = YES;
				CLANG_WARN_CONSTANT_CONVERSION = YES;
				CLANG_WARN_DEPRECATED_OBJC_IMPLEMENTATIONS = YES;
				CLANG_WARN_DIRECT_OBJC_ISA_USAGE = YES_ERROR;
				CLANG_WARN_DOCUMENTATION_COMMENTS = YES;
				CLANG_WARN_EMPTY_BODY = YES;
				CLANG_WARN_ENUM_CONVERSION = YES;
				CLANG_WARN_INFINITE_RECURSION = YES;
				CLANG_WARN_INT_CONVERSION = YES;
				CLANG_WARN_NON_LITERAL_NULL_CONVERSION = YES;
				CLANG_WARN_OBJC_IMPLICIT_RETAIN_SELF = YES;
				CLANG_WARN_OBJC_LITERAL_CONVERSION = YES;
				CLANG_WARN_OBJC_ROOT_CLASS = YES_ERROR;
				CLANG_WARN_QUOTED_INCLUDE_IN_FRAMEWORK_HEADER = YES;
				CLANG_WARN_RANGE_LOOP_ANALYSIS = YES;
				CLANG_WARN_STRICT_PROTOTYPES = YES;
				CLANG_WARN_SUSPICIOUS_MOVE = YES;
				CLANG_WARN_UNGUARDED_AVAILABILITY = YES_AGGRESSIVE;
				CLANG_WARN_UNREACHABLE_CODE = YES;
				CLANG_WARN__DUPLICATE_METHOD_MATCH = YES;
				COPY_PHASE_STRIP = NO;
				DEBUG_INFORMATION_FORMAT = dwarf;
				ENABLE_STRICT_OBJC_MSGSEND = YES;
				ENABLE_TESTABILITY = YES;
				ENABLE_USER_SCRIPT_SANDBOXING = YES;
				GCC_C_LANGUAGE_STANDARD = gnu17;
				GCC_DYNAMIC_NO_PIC = NO;
				GCC_NO_COMMON_BLOCKS = YES;
				GCC_OPTIMIZATION_LEVEL = 0;
				GCC_PREPROCESSOR_DEFINITIONS = (
					"DEBUG=1",
					"$(inherited)",
				);
				GCC_WARN_64_TO_32_BIT_CONVERSION = YES;
				GCC_WARN_ABOUT_RETURN_TYPE = YES_ERROR;
				GCC_WARN_UNDECLARED_SELECTOR = YES;
				GCC_WARN_UNINITIALIZED_AUTOS = YES_AGGRESSIVE;
				GCC_WARN_UNUSED_FUNCTION = YES;
				GCC_WARN_UNUSED_VARIABLE = YES;
				IPHONEOS_DEPLOYMENT_TARGET = 18.5;
				LOCALIZATION_PREFERS_STRING_CATALOGS = YES;
				MTL_ENABLE_DEBUG_INFO = INCLUDE_SOURCE;
				MTL_FAST_MATH = YES;
				ONLY_ACTIVE_ARCH = YES;
				SDKROOT = iphoneos;
				SWIFT_ACTIVE_COMPILATION_CONDITIONS = "DEBUG $(inherited)";
				SWIFT_OPTIMIZATION_LEVEL = "-Onone";
			};
			name = Debug;
		};
		8D9AA9E52E0209E5000945AC /* Release */ = {
			isa = XCBuildConfiguration;
			buildSettings = {
				ALWAYS_SEARCH_USER_PATHS = NO;
				ASSETCATALOG_COMPILER_GENERATE_SWIFT_ASSET_SYMBOL_EXTENSIONS = YES;
				CLANG_ANALYZER_NONNULL = YES;
				CLANG_ANALYZER_NUMBER_OBJECT_CONVERSION = YES_AGGRESSIVE;
				CLANG_CXX_LANGUAGE_STANDARD = "gnu++20";
				CLANG_ENABLE_MODULES = YES;
				CLANG_ENABLE_OBJC_ARC = YES;
				CLANG_ENABLE_OBJC_WEAK = YES;
				CLANG_WARN_BLOCK_CAPTURE_AUTORELEASING = YES;
				CLANG_WARN_BOOL_CONVERSION = YES;
				CLANG_WARN_COMMA = YES;
				CLANG_WARN_CONSTANT_CONVERSION = YES;
				CLANG_WARN_DEPRECATED_OBJC_IMPLEMENTATIONS = YES;
				CLANG_WARN_DIRECT_OBJC_ISA_USAGE = YES_ERROR;
				CLANG_WARN_DOCUMENTATION_COMMENTS = YES;
				CLANG_WARN_EMPTY_BODY = YES;
				CLANG_WARN_ENUM_CONVERSION = YES;
				CLANG_WARN_INFINITE_RECURSION = YES;
				CLANG_WARN_INT_CONVERSION = YES;
				CLANG_WARN_NON_LITERAL_NULL_CONVERSION = YES;
				CLANG_WARN_OBJC_IMPLICIT_RETAIN_SELF = YES;
				CLANG_WARN_OBJC_LITERAL_CONVERSION = YES;
				CLANG_WARN_OBJC_ROOT_CLASS = YES_ERROR;
				CLANG_WARN_QUOTED_INCLUDE_IN_FRAMEWORK_HEADER = YES;
				CLANG_WARN_RANGE_LOOP_ANALYSIS = YES;
				CLANG_WARN_STRICT_PROTOTYPES = YES;
				CLANG_WARN_SUSPICIOUS_MOVE = YES;
				CLANG_WARN_UNGUARDED_AVAILABILITY = YES_AGGRESSIVE;
				CLANG_WARN_UNREACHABLE_CODE = YES;
				CLANG_WARN__DUPLICATE_METHOD_MATCH = YES;
				COPY_PHASE_STRIP = NO;
				DEBUG_INFORMATION_FORMAT = "dwarf-with-dsym";
				ENABLE_NS_ASSERTIONS = NO;
				ENABLE_STRICT_OBJC_MSGSEND = YES;
				ENABLE_USER_SCRIPT_SANDBOXING = YES;
				GCC_C_LANGUAGE_STANDARD = gnu17;
				GCC_NO_COMMON_BLOCKS = YES;
				GCC_WARN_64_TO_32_BIT_CONVERSION = YES;
				GCC_WARN_ABOUT_RETURN_TYPE = YES_ERROR;
				GCC_WARN_UNDECLARED_SELECTOR = YES;
				GCC_WARN_UNINITIALIZED_AUTOS = YES_AGGRESSIVE;
				GCC_WARN_UNUSED_FUNCTION = YES;
				GCC_WARN_UNUSED_VARIABLE = YES;
				IPHONEOS_DEPLOYMENT_TARGET = 18.5;
				LOCALIZATION_PREFERS_STRING_CATALOGS = YES;
				MTL_ENABLE_DEBUG_INFO = NO;
				MTL_FAST_MATH = YES;
				SDKROOT = iphoneos;
				SWIFT_COMPILATION_MODE = wholemodule;
				VALIDATE_PRODUCT = YES;
			};
			name = Release;
		};
		8D9AA9E72E0209E5000945AC /* Debug */ = {
			isa = XCBuildConfiguration;
			buildSettings = {
				ASSETCATALOG_COMPILER_APPICON_NAME = AppIcon;
				ASSETCATALOG_COMPILER_GLOBAL_ACCENT_COLOR_NAME = AccentColor;
				CODE_SIGN_STYLE = Automatic;
				CURRENT_PROJECT_VERSION = 1;
				DEVELOPMENT_TEAM = ZKT4P45QBK;
				ENABLE_PREVIEWS = YES;
				GENERATE_INFOPLIST_FILE = YES;
				INFOPLIST_FILE = Quartier/Info.plist;
				INFOPLIST_KEY_CFBundleDisplayName = "Quartier (dev)";
				INFOPLIST_KEY_LSApplicationCategoryType = "public.app-category.business";
				INFOPLIST_KEY_NSBluetoothAlwaysUsageDescription = "Access bluetooth to advertise and scan for nearby users";
				INFOPLIST_KEY_NSBluetoothPeripheralUsageDescription = "Access bluetooth to advertise and scan for nearby users";
				INFOPLIST_KEY_UIApplicationSceneManifest_Generation = YES;
				INFOPLIST_KEY_UIApplicationSupportsIndirectInputEvents = YES;
				INFOPLIST_KEY_UILaunchScreen_Generation = YES;
				INFOPLIST_KEY_UISupportedInterfaceOrientations_iPad = "UIInterfaceOrientationPortrait UIInterfaceOrientationPortraitUpsideDown UIInterfaceOrientationLandscapeLeft UIInterfaceOrientationLandscapeRight";
				INFOPLIST_KEY_UISupportedInterfaceOrientations_iPhone = "UIInterfaceOrientationPortrait UIInterfaceOrientationLandscapeLeft UIInterfaceOrientationLandscapeRight";
				LD_RUNPATH_SEARCH_PATHS = (
					"$(inherited)",
					"@executable_path/Frameworks",
				);
				MARKETING_VERSION = 1.0;
				PRODUCT_BUNDLE_IDENTIFIER = com.quartier.quartier.dev;
				PRODUCT_NAME = "$(TARGET_NAME)";
				SWIFT_EMIT_LOC_STRINGS = YES;
				SWIFT_VERSION = 6.0;
				TARGETED_DEVICE_FAMILY = 1;
			};
			name = Debug;
		};
		8D9AA9E82E0209E5000945AC /* Release */ = {
			isa = XCBuildConfiguration;
			buildSettings = {
				ASSETCATALOG_COMPILER_APPICON_NAME = AppIcon;
				ASSETCATALOG_COMPILER_GLOBAL_ACCENT_COLOR_NAME = AccentColor;
				CODE_SIGN_STYLE = Automatic;
				CURRENT_PROJECT_VERSION = 1;
				DEVELOPMENT_TEAM = ZKT4P45QBK;
				ENABLE_PREVIEWS = YES;
				GENERATE_INFOPLIST_FILE = YES;
				INFOPLIST_FILE = Quartier/Info.plist;
				INFOPLIST_KEY_CFBundleDisplayName = Quartier;
				INFOPLIST_KEY_LSApplicationCategoryType = "public.app-category.business";
				INFOPLIST_KEY_NSBluetoothAlwaysUsageDescription = "Access bluetooth to advertise and scan for nearby users";
				INFOPLIST_KEY_NSBluetoothPeripheralUsageDescription = "Access bluetooth to advertise and scan for nearby users";
				INFOPLIST_KEY_UIApplicationSceneManifest_Generation = YES;
				INFOPLIST_KEY_UIApplicationSupportsIndirectInputEvents = YES;
				INFOPLIST_KEY_UILaunchScreen_Generation = YES;
				INFOPLIST_KEY_UISupportedInterfaceOrientations_iPad = "UIInterfaceOrientationPortrait UIInterfaceOrientationPortraitUpsideDown UIInterfaceOrientationLandscapeLeft UIInterfaceOrientationLandscapeRight";
				INFOPLIST_KEY_UISupportedInterfaceOrientations_iPhone = "UIInterfaceOrientationPortrait UIInterfaceOrientationLandscapeLeft UIInterfaceOrientationLandscapeRight";
				LD_RUNPATH_SEARCH_PATHS = (
					"$(inherited)",
					"@executable_path/Frameworks",
				);
				MARKETING_VERSION = 1.0;
				PRODUCT_BUNDLE_IDENTIFIER = com.quartier.quartier;
				PRODUCT_NAME = "$(TARGET_NAME)";
				SWIFT_EMIT_LOC_STRINGS = YES;
				SWIFT_VERSION = 6.0;
				TARGETED_DEVICE_FAMILY = 1;
			};
			name = Release;
		};
		8D9AA9EA2E0209E5000945AC /* Debug */ = {
			isa = XCBuildConfiguration;
			buildSettings = {
				BUNDLE_LOADER = "$(TEST_HOST)";
				CLANG_ENABLE_MODULES = YES;
				CODE_SIGN_STYLE = Automatic;
				CURRENT_PROJECT_VERSION = 1;
				DEVELOPMENT_TEAM = ZKT4P45QBK;
				GENERATE_INFOPLIST_FILE = YES;
				IPHONEOS_DEPLOYMENT_TARGET = 18.5;
				MARKETING_VERSION = 1.0;
				PRODUCT_BUNDLE_IDENTIFIER = Quartier.QuartierTests;
				PRODUCT_NAME = "$(TARGET_NAME)";
				SWIFT_EMIT_LOC_STRINGS = NO;
				SWIFT_OPTIMIZATION_LEVEL = "-Onone";
				SWIFT_VERSION = 5.0;
				TARGETED_DEVICE_FAMILY = "1,2";
				TEST_HOST = "$(BUILT_PRODUCTS_DIR)/Quartier.app/$(BUNDLE_EXECUTABLE_FOLDER_PATH)/Quartier";
			};
			name = Debug;
		};
		8D9AA9EB2E0209E5000945AC /* Release */ = {
			isa = XCBuildConfiguration;
			buildSettings = {
				BUNDLE_LOADER = "$(TEST_HOST)";
				CLANG_ENABLE_MODULES = YES;
				CODE_SIGN_STYLE = Automatic;
				CURRENT_PROJECT_VERSION = 1;
				DEVELOPMENT_TEAM = ZKT4P45QBK;
				GENERATE_INFOPLIST_FILE = YES;
				IPHONEOS_DEPLOYMENT_TARGET = 18.5;
				MARKETING_VERSION = 1.0;
				PRODUCT_BUNDLE_IDENTIFIER = Quartier.QuartierTests;
				PRODUCT_NAME = "$(TARGET_NAME)";
				SWIFT_EMIT_LOC_STRINGS = NO;
				SWIFT_VERSION = 5.0;
				TARGETED_DEVICE_FAMILY = "1,2";
				TEST_HOST = "$(BUILT_PRODUCTS_DIR)/Quartier.app/$(BUNDLE_EXECUTABLE_FOLDER_PATH)/Quartier";
			};
			name = Release;
		};
		8D9AA9ED2E0209E5000945AC /* Debug */ = {
			isa = XCBuildConfiguration;
			buildSettings = {
				CODE_SIGN_STYLE = Automatic;
				CURRENT_PROJECT_VERSION = 1;
				DEVELOPMENT_TEAM = ZKT4P45QBK;
				GENERATE_INFOPLIST_FILE = YES;
				MARKETING_VERSION = 1.0;
				PRODUCT_BUNDLE_IDENTIFIER = Quartier.ConnectUITests;
				PRODUCT_NAME = "$(TARGET_NAME)";
				SWIFT_EMIT_LOC_STRINGS = NO;
				SWIFT_VERSION = 5.0;
				TARGETED_DEVICE_FAMILY = "1,2";
				TEST_TARGET_NAME = Connect;
			};
			name = Debug;
		};
		8D9AA9EE2E0209E5000945AC /* Release */ = {
			isa = XCBuildConfiguration;
			buildSettings = {
				CODE_SIGN_STYLE = Automatic;
				CURRENT_PROJECT_VERSION = 1;
				DEVELOPMENT_TEAM = ZKT4P45QBK;
				GENERATE_INFOPLIST_FILE = YES;
				MARKETING_VERSION = 1.0;
				PRODUCT_BUNDLE_IDENTIFIER = Quartier.ConnectUITests;
				PRODUCT_NAME = "$(TARGET_NAME)";
				SWIFT_EMIT_LOC_STRINGS = NO;
				SWIFT_VERSION = 5.0;
				TARGETED_DEVICE_FAMILY = "1,2";
				TEST_TARGET_NAME = Connect;
			};
			name = Release;
		};
/* End XCBuildConfiguration section */

/* Begin XCConfigurationList section */
		8D9AA9C02E0209E4000945AC /* Build configuration list for PBXProject "Quartier" */ = {
			isa = XCConfigurationList;
			buildConfigurations = (
				8D9AA9E42E0209E5000945AC /* Debug */,
				8D9AA9E52E0209E5000945AC /* Release */,
			);
			defaultConfigurationIsVisible = 0;
			defaultConfigurationName = Release;
		};
		8D9AA9E62E0209E5000945AC /* Build configuration list for PBXNativeTarget "Quartier" */ = {
			isa = XCConfigurationList;
			buildConfigurations = (
				8D9AA9E72E0209E5000945AC /* Debug */,
				8D9AA9E82E0209E5000945AC /* Release */,
			);
			defaultConfigurationIsVisible = 0;
			defaultConfigurationName = Release;
		};
		8D9AA9E92E0209E5000945AC /* Build configuration list for PBXNativeTarget "QuartierTests" */ = {
			isa = XCConfigurationList;
			buildConfigurations = (
				8D9AA9EA2E0209E5000945AC /* Debug */,
				8D9AA9EB2E0209E5000945AC /* Release */,
			);
			defaultConfigurationIsVisible = 0;
			defaultConfigurationName = Release;
		};
		8D9AA9EC2E0209E5000945AC /* Build configuration list for PBXNativeTarget "QuartierUITests" */ = {
			isa = XCConfigurationList;
			buildConfigurations = (
				8D9AA9ED2E0209E5000945AC /* Debug */,
				8D9AA9EE2E0209E5000945AC /* Release */,
			);
			defaultConfigurationIsVisible = 0;
			defaultConfigurationName = Release;
		};
/* End XCConfigurationList section */

/* Begin XCRemoteSwiftPackageReference section */
		8D390A092E1EDEBA00D9C688 /* XCRemoteSwiftPackageReference "SDWebImageWebPCoder" */ = {
			isa = XCRemoteSwiftPackageReference;
			repositoryURL = "https://github.com/SDWebImage/SDWebImageWebPCoder.git";
			requirement = {
				kind = upToNextMajorVersion;
				minimumVersion = 0.14.6;
			};
		};
		8D7DEAFA2E06019600F7D7AF /* XCRemoteSwiftPackageReference "supabase-swift" */ = {
			isa = XCRemoteSwiftPackageReference;
			repositoryURL = "https://github.com/supabase-community/supabase-swift.git";
			requirement = {
				kind = upToNextMajorVersion;
				minimumVersion = 2.5.1;
			};
		};
/* End XCRemoteSwiftPackageReference section */

/* Begin XCSwiftPackageProductDependency section */
		8D7C70012E1EE27900F012FD /* SDWebImageWebPCoder */ = {
			isa = XCSwiftPackageProductDependency;
			package = 8D390A092E1EDEBA00D9C688 /* XCRemoteSwiftPackageReference "SDWebImageWebPCoder" */;
			productName = SDWebImageWebPCoder;
		};
		8D7DEAFB2E0601A900F7D7AF /* Auth */ = {
			isa = XCSwiftPackageProductDependency;
			package = 8D7DEAFA2E06019600F7D7AF /* XCRemoteSwiftPackageReference "supabase-swift" */;
			productName = Auth;
		};
		8D7DEAFD2E0601A900F7D7AF /* PostgREST */ = {
			isa = XCSwiftPackageProductDependency;
			package = 8D7DEAFA2E06019600F7D7AF /* XCRemoteSwiftPackageReference "supabase-swift" */;
			productName = PostgREST;
		};
		8D7DEAFF2E0601A900F7D7AF /* Storage */ = {
			isa = XCSwiftPackageProductDependency;
			package = 8D7DEAFA2E06019600F7D7AF /* XCRemoteSwiftPackageReference "supabase-swift" */;
			productName = Storage;
		};
		8D7DEB012E0601A900F7D7AF /* Supabase */ = {
			isa = XCSwiftPackageProductDependency;
			package = 8D7DEAFA2E06019600F7D7AF /* XCRemoteSwiftPackageReference "supabase-swift" */;
			productName = Supabase;
		};
/* End XCSwiftPackageProductDependency section */
	};
	rootObject = 8D9AA9BD2E0209E4000945AC /* Project object */;
}
